// !$*UTF8*$!
{
	archiveVersion = 1;
	classes = {
	};
	objectVersion = 48;
	objects = {

/* Begin PBXBuildFile section */
		015A5EF3204D5BE00003A1FF /* LWNavigationController.m in Sources */ = {isa = PBXBuildFile; fileRef = 015A5EEF204D5BE00003A1FF /* LWNavigationController.m */; };
		015A5EF4204D5BE00003A1FF /* LWTabBarController.m in Sources */ = {isa = PBXBuildFile; fileRef = 015A5EF2204D5BE00003A1FF /* LWTabBarController.m */; };
		015A5EF7204D5BF30003A1FF /* LWTabBar.m in Sources */ = {isa = PBXBuildFile; fileRef = 015A5EF6204D5BF30003A1FF /* LWTabBar.m */; };
		015A5F01204D5C210003A1FF /* UIView+frame.m in Sources */ = {isa = PBXBuildFile; fileRef = 015A5EFA204D5C210003A1FF /* UIView+frame.m */; };
		015A5F02204D5C210003A1FF /* UITextField+placeholder.m in Sources */ = {isa = PBXBuildFile; fileRef = 015A5EFC204D5C210003A1FF /* UITextField+placeholder.m */; };
		015A5F03204D5C210003A1FF /* UIImage+render.m in Sources */ = {isa = PBXBuildFile; fileRef = 015A5EFD204D5C210003A1FF /* UIImage+render.m */; };
		015A5F04204D5C210003A1FF /* UIBarButtonItem+item.m in Sources */ = {isa = PBXBuildFile; fileRef = 015A5EFE204D5C210003A1FF /* UIBarButtonItem+item.m */; };
		015A5F08204D5D820003A1FF /* LWStudyController.m in Sources */ = {isa = PBXBuildFile; fileRef = 015A5F07204D5D820003A1FF /* LWStudyController.m */; };
		015A5F0B204D5DBC0003A1FF /* LWDiscoverController.m in Sources */ = {isa = PBXBuildFile; fileRef = 015A5F0A204D5DBC0003A1FF /* LWDiscoverController.m */; };
		015A5F0E204D5DDF0003A1FF /* LWContactsController.m in Sources */ = {isa = PBXBuildFile; fileRef = 015A5F0D204D5DDF0003A1FF /* LWContactsController.m */; };
		015A5F11204D5E000003A1FF /* LWMeController.m in Sources */ = {isa = PBXBuildFile; fileRef = 015A5F10204D5E000003A1FF /* LWMeController.m */; };
		015A5F14204D5E180003A1FF /* LWChatsController.m in Sources */ = {isa = PBXBuildFile; fileRef = 015A5F13204D5E180003A1FF /* LWChatsController.m */; };
		01989299204D55DD00A8EFCE /* Assets.xcassets in Resources */ = {isa = PBXBuildFile; fileRef = 01989298204D55DD00A8EFCE /* Assets.xcassets */; };
		0198929C204D55DD00A8EFCE /* LaunchScreen.storyboard in Resources */ = {isa = PBXBuildFile; fileRef = 0198929A204D55DD00A8EFCE /* LaunchScreen.storyboard */; };
		019892C6204D57B500A8EFCE /* main.m in Sources */ = {isa = PBXBuildFile; fileRef = 019892B5204D57B500A8EFCE /* main.m */; };
		019892C7204D57B500A8EFCE /* AppDelegate.m in Sources */ = {isa = PBXBuildFile; fileRef = 019892B8204D57B500A8EFCE /* AppDelegate.m */; };
		8E32A43FEED483917F41311F /* libPods-SchoolAssistant.a in Frameworks */ = {isa = PBXBuildFile; fileRef = 7CFBA6F7AF3F2640C02AD457 /* libPods-SchoolAssistant.a */; };
/* End PBXBuildFile section */

/* Begin PBXFileReference section */
		015A5EEF204D5BE00003A1FF /* LWNavigationController.m */ = {isa = PBXFileReference; fileEncoding = 4; lastKnownFileType = sourcecode.c.objc; path = LWNavigationController.m; sourceTree = "<group>"; };
		015A5EF0204D5BE00003A1FF /* LWTabBarController.h */ = {isa = PBXFileReference; fileEncoding = 4; lastKnownFileType = sourcecode.c.h; path = LWTabBarController.h; sourceTree = "<group>"; };
		015A5EF1204D5BE00003A1FF /* LWNavigationController.h */ = {isa = PBXFileReference; fileEncoding = 4; lastKnownFileType = sourcecode.c.h; path = LWNavigationController.h; sourceTree = "<group>"; };
		015A5EF2204D5BE00003A1FF /* LWTabBarController.m */ = {isa = PBXFileReference; fileEncoding = 4; lastKnownFileType = sourcecode.c.objc; path = LWTabBarController.m; sourceTree = "<group>"; };
		015A5EF5204D5BF30003A1FF /* LWTabBar.h */ = {isa = PBXFileReference; fileEncoding = 4; lastKnownFileType = sourcecode.c.h; path = LWTabBar.h; sourceTree = "<group>"; };
		015A5EF6204D5BF30003A1FF /* LWTabBar.m */ = {isa = PBXFileReference; fileEncoding = 4; lastKnownFileType = sourcecode.c.objc; path = LWTabBar.m; sourceTree = "<group>"; };
		015A5EF9204D5C210003A1FF /* UIImage+render.h */ = {isa = PBXFileReference; fileEncoding = 4; lastKnownFileType = sourcecode.c.h; path = "UIImage+render.h"; sourceTree = "<group>"; };
		015A5EFA204D5C210003A1FF /* UIView+frame.m */ = {isa = PBXFileReference; fileEncoding = 4; lastKnownFileType = sourcecode.c.objc; path = "UIView+frame.m"; sourceTree = "<group>"; };
		015A5EFB204D5C210003A1FF /* UIBarButtonItem+item.h */ = {isa = PBXFileReference; fileEncoding = 4; lastKnownFileType = sourcecode.c.h; path = "UIBarButtonItem+item.h"; sourceTree = "<group>"; };
		015A5EFC204D5C210003A1FF /* UITextField+placeholder.m */ = {isa = PBXFileReference; fileEncoding = 4; lastKnownFileType = sourcecode.c.objc; path = "UITextField+placeholder.m"; sourceTree = "<group>"; };
		015A5EFD204D5C210003A1FF /* UIImage+render.m */ = {isa = PBXFileReference; fileEncoding = 4; lastKnownFileType = sourcecode.c.objc; path = "UIImage+render.m"; sourceTree = "<group>"; };
		015A5EFE204D5C210003A1FF /* UIBarButtonItem+item.m */ = {isa = PBXFileReference; fileEncoding = 4; lastKnownFileType = sourcecode.c.objc; path = "UIBarButtonItem+item.m"; sourceTree = "<group>"; };
		015A5EFF204D5C210003A1FF /* UIView+frame.h */ = {isa = PBXFileReference; fileEncoding = 4; lastKnownFileType = sourcecode.c.h; path = "UIView+frame.h"; sourceTree = "<group>"; };
		015A5F00204D5C210003A1FF /* UITextField+placeholder.h */ = {isa = PBXFileReference; fileEncoding = 4; lastKnownFileType = sourcecode.c.h; path = "UITextField+placeholder.h"; sourceTree = "<group>"; };
		015A5F05204D5C5A0003A1FF /* lw.pch */ = {isa = PBXFileReference; fileEncoding = 4; lastKnownFileType = sourcecode.c.h; path = lw.pch; sourceTree = "<group>"; };
		015A5F06204D5D820003A1FF /* LWStudyController.h */ = {isa = PBXFileReference; lastKnownFileType = sourcecode.c.h; path = LWStudyController.h; sourceTree = "<group>"; };
		015A5F07204D5D820003A1FF /* LWStudyController.m */ = {isa = PBXFileReference; lastKnownFileType = sourcecode.c.objc; path = LWStudyController.m; sourceTree = "<group>"; };
		015A5F09204D5DBC0003A1FF /* LWDiscoverController.h */ = {isa = PBXFileReference; lastKnownFileType = sourcecode.c.h; path = LWDiscoverController.h; sourceTree = "<group>"; };
		015A5F0A204D5DBC0003A1FF /* LWDiscoverController.m */ = {isa = PBXFileReference; lastKnownFileType = sourcecode.c.objc; path = LWDiscoverController.m; sourceTree = "<group>"; };
		015A5F0C204D5DDF0003A1FF /* LWContactsController.h */ = {isa = PBXFileReference; lastKnownFileType = sourcecode.c.h; path = LWContactsController.h; sourceTree = "<group>"; };
		015A5F0D204D5DDF0003A1FF /* LWContactsController.m */ = {isa = PBXFileReference; lastKnownFileType = sourcecode.c.objc; path = LWContactsController.m; sourceTree = "<group>"; };
		015A5F0F204D5E000003A1FF /* LWMeController.h */ = {isa = PBXFileReference; lastKnownFileType = sourcecode.c.h; path = LWMeController.h; sourceTree = "<group>"; };
		015A5F10204D5E000003A1FF /* LWMeController.m */ = {isa = PBXFileReference; lastKnownFileType = sourcecode.c.objc; path = LWMeController.m; sourceTree = "<group>"; };
		015A5F12204D5E180003A1FF /* LWChatsController.h */ = {isa = PBXFileReference; lastKnownFileType = sourcecode.c.h; path = LWChatsController.h; sourceTree = "<group>"; };
		015A5F13204D5E180003A1FF /* LWChatsController.m */ = {isa = PBXFileReference; lastKnownFileType = sourcecode.c.objc; path = LWChatsController.m; sourceTree = "<group>"; };
		0198928C204D55DD00A8EFCE /* SchoolAssistant.app */ = {isa = PBXFileReference; explicitFileType = wrapper.application; includeInIndex = 0; path = SchoolAssistant.app; sourceTree = BUILT_PRODUCTS_DIR; };
		01989298204D55DD00A8EFCE /* Assets.xcassets */ = {isa = PBXFileReference; lastKnownFileType = folder.assetcatalog; path = Assets.xcassets; sourceTree = "<group>"; };
		0198929B204D55DD00A8EFCE /* Base */ = {isa = PBXFileReference; lastKnownFileType = file.storyboard; name = Base; path = Base.lproj/LaunchScreen.storyboard; sourceTree = "<group>"; };
		0198929D204D55DD00A8EFCE /* Info.plist */ = {isa = PBXFileReference; lastKnownFileType = text.plist.xml; path = Info.plist; sourceTree = "<group>"; };
		019892B3204D57B500A8EFCE /* AppDelegate.h */ = {isa = PBXFileReference; fileEncoding = 4; lastKnownFileType = sourcecode.c.h; path = AppDelegate.h; sourceTree = "<group>"; };
		019892B5204D57B500A8EFCE /* main.m */ = {isa = PBXFileReference; fileEncoding = 4; lastKnownFileType = sourcecode.c.objc; path = main.m; sourceTree = "<group>"; };
		019892B8204D57B500A8EFCE /* AppDelegate.m */ = {isa = PBXFileReference; fileEncoding = 4; lastKnownFileType = sourcecode.c.objc; path = AppDelegate.m; sourceTree = "<group>"; };
		4B2DAA6147C1D7A70D86ED5D /* Pods-SchoolAssistant.release.xcconfig */ = {isa = PBXFileReference; includeInIndex = 1; lastKnownFileType = text.xcconfig; name = "Pods-SchoolAssistant.release.xcconfig"; path = "Pods/Target Support Files/Pods-SchoolAssistant/Pods-SchoolAssistant.release.xcconfig"; sourceTree = "<group>"; };
		7CFBA6F7AF3F2640C02AD457 /* libPods-SchoolAssistant.a */ = {isa = PBXFileReference; explicitFileType = archive.ar; includeInIndex = 0; path = "libPods-SchoolAssistant.a"; sourceTree = BUILT_PRODUCTS_DIR; };
		A48BBA43840CD98FB1B4B690 /* Pods-SchoolAssistant.debug.xcconfig */ = {isa = PBXFileReference; includeInIndex = 1; lastKnownFileType = text.xcconfig; name = "Pods-SchoolAssistant.debug.xcconfig"; path = "Pods/Target Support Files/Pods-SchoolAssistant/Pods-SchoolAssistant.debug.xcconfig"; sourceTree = "<group>"; };
/* End PBXFileReference section */

/* Begin PBXFrameworksBuildPhase section */
		01989289204D55DD00A8EFCE /* Frameworks */ = {
			isa = PBXFrameworksBuildPhase;
			buildActionMask = 2147483647;
			files = (
				8E32A43FEED483917F41311F /* libPods-SchoolAssistant.a in Frameworks */,
			);
			runOnlyForDeploymentPostprocessing = 0;
		};
/* End PBXFrameworksBuildPhase section */

/* Begin PBXGroup section */
		015A5EF8204D5C210003A1FF /* Category */ = {
			isa = PBXGroup;
			children = (
				015A5EF9204D5C210003A1FF /* UIImage+render.h */,
				015A5EFA204D5C210003A1FF /* UIView+frame.m */,
				015A5EFB204D5C210003A1FF /* UIBarButtonItem+item.h */,
				015A5EFC204D5C210003A1FF /* UITextField+placeholder.m */,
				015A5EFD204D5C210003A1FF /* UIImage+render.m */,
				015A5EFE204D5C210003A1FF /* UIBarButtonItem+item.m */,
				015A5EFF204D5C210003A1FF /* UIView+frame.h */,
				015A5F00204D5C210003A1FF /* UITextField+placeholder.h */,
			);
			path = Category;
			sourceTree = "<group>";
		};
		01989283204D55DD00A8EFCE = {
			isa = PBXGroup;
			children = (
				0198928E204D55DD00A8EFCE /* SchoolAssistant */,
				0198928D204D55DD00A8EFCE /* Products */,
				B386A9030BAFE88C1A890D9A /* Pods */,
				8013499939549C9ED62F199F /* Frameworks */,
			);
			sourceTree = "<group>";
		};
		0198928D204D55DD00A8EFCE /* Products */ = {
			isa = PBXGroup;
			children = (
				0198928C204D55DD00A8EFCE /* SchoolAssistant.app */,
			);
			name = Products;
			sourceTree = "<group>";
		};
		0198928E204D55DD00A8EFCE /* SchoolAssistant */ = {
			isa = PBXGroup;
			children = (
				019892A5204D57B500A8EFCE /* Classes */,
				01989298204D55DD00A8EFCE /* Assets.xcassets */,
				0198929A204D55DD00A8EFCE /* LaunchScreen.storyboard */,
				0198929D204D55DD00A8EFCE /* Info.plist */,
			);
			path = SchoolAssistant;
			sourceTree = "<group>";
		};
		019892A5204D57B500A8EFCE /* Classes */ = {
			isa = PBXGroup;
			children = (
				019892A6204D57B500A8EFCE /* Study */,
				019892AA204D57B500A8EFCE /* Discover */,
				019892AE204D57B500A8EFCE /* Contacts */,
				019892B9204D57B500A8EFCE /* Me */,
				019892BD204D57B500A8EFCE /* Chats */,
				019892C1204D57B500A8EFCE /* Main */,
				019892B2204D57B500A8EFCE /* Other */,
				019892C5204D57B500A8EFCE /* Tool */,
			);
			path = Classes;
			sourceTree = "<group>";
		};
		019892A6204D57B500A8EFCE /* Study */ = {
			isa = PBXGroup;
			children = (
				019892A7204D57B500A8EFCE /* Controller */,
				019892A8204D57B500A8EFCE /* Model */,
				019892A9204D57B500A8EFCE /* View */,
			);
			path = Study;
			sourceTree = "<group>";
		};
		019892A7204D57B500A8EFCE /* Controller */ = {
			isa = PBXGroup;
			children = (
				015A5F06204D5D820003A1FF /* LWStudyController.h */,
				015A5F07204D5D820003A1FF /* LWStudyController.m */,
			);
			path = Controller;
			sourceTree = "<group>";
		};
		019892A8204D57B500A8EFCE /* Model */ = {
			isa = PBXGroup;
			children = (
			);
			path = Model;
			sourceTree = "<group>";
		};
		019892A9204D57B500A8EFCE /* View */ = {
			isa = PBXGroup;
			children = (
			);
			path = View;
			sourceTree = "<group>";
		};
		019892AA204D57B500A8EFCE /* Discover */ = {
			isa = PBXGroup;
			children = (
				019892AB204D57B500A8EFCE /* Controller */,
				019892AC204D57B500A8EFCE /* Model */,
				019892AD204D57B500A8EFCE /* View */,
			);
			path = Discover;
			sourceTree = "<group>";
		};
		019892AB204D57B500A8EFCE /* Controller */ = {
			isa = PBXGroup;
			children = (
				015A5F09204D5DBC0003A1FF /* LWDiscoverController.h */,
				015A5F0A204D5DBC0003A1FF /* LWDiscoverController.m */,
			);
			path = Controller;
			sourceTree = "<group>";
		};
		019892AC204D57B500A8EFCE /* Model */ = {
			isa = PBXGroup;
			children = (
			);
			path = Model;
			sourceTree = "<group>";
		};
		019892AD204D57B500A8EFCE /* View */ = {
			isa = PBXGroup;
			children = (
			);
			path = View;
			sourceTree = "<group>";
		};
		019892AE204D57B500A8EFCE /* Contacts */ = {
			isa = PBXGroup;
			children = (
				019892AF204D57B500A8EFCE /* Controller */,
				019892B0204D57B500A8EFCE /* Model */,
				019892B1204D57B500A8EFCE /* View */,
			);
			path = Contacts;
			sourceTree = "<group>";
		};
		019892AF204D57B500A8EFCE /* Controller */ = {
			isa = PBXGroup;
			children = (
				015A5F0C204D5DDF0003A1FF /* LWContactsController.h */,
				015A5F0D204D5DDF0003A1FF /* LWContactsController.m */,
			);
			path = Controller;
			sourceTree = "<group>";
		};
		019892B0204D57B500A8EFCE /* Model */ = {
			isa = PBXGroup;
			children = (
			);
			path = Model;
			sourceTree = "<group>";
		};
		019892B1204D57B500A8EFCE /* View */ = {
			isa = PBXGroup;
			children = (
			);
			path = View;
			sourceTree = "<group>";
		};
		019892B2204D57B500A8EFCE /* Other */ = {
			isa = PBXGroup;
			children = (
				015A5EF8204D5C210003A1FF /* Category */,
				019892B3204D57B500A8EFCE /* AppDelegate.h */,
				019892B8204D57B500A8EFCE /* AppDelegate.m */,
				019892B5204D57B500A8EFCE /* main.m */,
				015A5F05204D5C5A0003A1FF /* lw.pch */,
			);
			path = Other;
			sourceTree = "<group>";
		};
		019892B9204D57B500A8EFCE /* Me */ = {
			isa = PBXGroup;
			children = (
				019892BA204D57B500A8EFCE /* Controller */,
				019892BB204D57B500A8EFCE /* Model */,
				019892BC204D57B500A8EFCE /* View */,
			);
			path = Me;
			sourceTree = "<group>";
		};
		019892BA204D57B500A8EFCE /* Controller */ = {
			isa = PBXGroup;
			children = (
				015A5F0F204D5E000003A1FF /* LWMeController.h */,
				015A5F10204D5E000003A1FF /* LWMeController.m */,
			);
			path = Controller;
			sourceTree = "<group>";
		};
		019892BB204D57B500A8EFCE /* Model */ = {
			isa = PBXGroup;
			children = (
			);
			path = Model;
			sourceTree = "<group>";
		};
		019892BC204D57B500A8EFCE /* View */ = {
			isa = PBXGroup;
			children = (
			);
			path = View;
			sourceTree = "<group>";
		};
		019892BD204D57B500A8EFCE /* Chats */ = {
			isa = PBXGroup;
			children = (
				019892BE204D57B500A8EFCE /* Controller */,
				019892BF204D57B500A8EFCE /* Model */,
				019892C0204D57B500A8EFCE /* View */,
			);
			path = Chats;
			sourceTree = "<group>";
		};
		019892BE204D57B500A8EFCE /* Controller */ = {
			isa = PBXGroup;
			children = (
				015A5F12204D5E180003A1FF /* LWChatsController.h */,
				015A5F13204D5E180003A1FF /* LWChatsController.m */,
			);
			path = Controller;
			sourceTree = "<group>";
		};
		019892BF204D57B500A8EFCE /* Model */ = {
			isa = PBXGroup;
			children = (
			);
			path = Model;
			sourceTree = "<group>";
		};
		019892C0204D57B500A8EFCE /* View */ = {
			isa = PBXGroup;
			children = (
			);
			path = View;
			sourceTree = "<group>";
		};
		019892C1204D57B500A8EFCE /* Main */ = {
			isa = PBXGroup;
			children = (
				019892C2204D57B500A8EFCE /* Controller */,
				019892C3204D57B500A8EFCE /* Model */,
				019892C4204D57B500A8EFCE /* View */,
			);
			path = Main;
			sourceTree = "<group>";
		};
		019892C2204D57B500A8EFCE /* Controller */ = {
			isa = PBXGroup;
			children = (
				015A5EF1204D5BE00003A1FF /* LWNavigationController.h */,
				015A5EEF204D5BE00003A1FF /* LWNavigationController.m */,
				015A5EF0204D5BE00003A1FF /* LWTabBarController.h */,
				015A5EF2204D5BE00003A1FF /* LWTabBarController.m */,
			);
			path = Controller;
			sourceTree = "<group>";
		};
		019892C3204D57B500A8EFCE /* Model */ = {
			isa = PBXGroup;
			children = (
			);
			path = Model;
			sourceTree = "<group>";
		};
		019892C4204D57B500A8EFCE /* View */ = {
			isa = PBXGroup;
			children = (
				015A5EF5204D5BF30003A1FF /* LWTabBar.h */,
				015A5EF6204D5BF30003A1FF /* LWTabBar.m */,
			);
			path = View;
			sourceTree = "<group>";
		};
		019892C5204D57B500A8EFCE /* Tool */ = {
			isa = PBXGroup;
			children = (
			);
			path = Tool;
			sourceTree = "<group>";
		};
		8013499939549C9ED62F199F /* Frameworks */ = {
			isa = PBXGroup;
			children = (
				7CFBA6F7AF3F2640C02AD457 /* libPods-SchoolAssistant.a */,
			);
			name = Frameworks;
			sourceTree = "<group>";
		};
		B386A9030BAFE88C1A890D9A /* Pods */ = {
			isa = PBXGroup;
			children = (
				A48BBA43840CD98FB1B4B690 /* Pods-SchoolAssistant.debug.xcconfig */,
				4B2DAA6147C1D7A70D86ED5D /* Pods-SchoolAssistant.release.xcconfig */,
			);
			name = Pods;
			sourceTree = "<group>";
		};
/* End PBXGroup section */

/* Begin PBXNativeTarget section */
		0198928B204D55DD00A8EFCE /* SchoolAssistant */ = {
			isa = PBXNativeTarget;
			buildConfigurationList = 019892A2204D55DD00A8EFCE /* Build configuration list for PBXNativeTarget "SchoolAssistant" */;
			buildPhases = (
				A46BB316DA3F98C97B1D02D3 /* [CP] Check Pods Manifest.lock */,
				01989288204D55DD00A8EFCE /* Sources */,
				01989289204D55DD00A8EFCE /* Frameworks */,
				0198928A204D55DD00A8EFCE /* Resources */,
				B12B93415F72C83EAA59DCB0 /* [CP] Embed Pods Frameworks */,
				F64A1FBA715CB1B444715404 /* [CP] Copy Pods Resources */,
			);
			buildRules = (
			);
			dependencies = (
			);
			name = SchoolAssistant;
			productName = SchoolAssistant;
			productReference = 0198928C204D55DD00A8EFCE /* SchoolAssistant.app */;
			productType = "com.apple.product-type.application";
		};
/* End PBXNativeTarget section */

/* Begin PBXProject section */
		01989284204D55DD00A8EFCE /* Project object */ = {
			isa = PBXProject;
			attributes = {
				LastUpgradeCheck = 0920;
				ORGANIZATIONNAME = "刘威";
				TargetAttributes = {
					0198928B204D55DD00A8EFCE = {
						CreatedOnToolsVersion = 9.2;
						ProvisioningStyle = Automatic;
					};
				};
			};
			buildConfigurationList = 01989287204D55DD00A8EFCE /* Build configuration list for PBXProject "SchoolAssistant" */;
			compatibilityVersion = "Xcode 8.0";
			developmentRegion = en;
			hasScannedForEncodings = 0;
			knownRegions = (
				en,
				Base,
			);
			mainGroup = 01989283204D55DD00A8EFCE;
			productRefGroup = 0198928D204D55DD00A8EFCE /* Products */;
			projectDirPath = "";
			projectRoot = "";
			targets = (
				0198928B204D55DD00A8EFCE /* SchoolAssistant */,
			);
		};
/* End PBXProject section */

/* Begin PBXResourcesBuildPhase section */
		0198928A204D55DD00A8EFCE /* Resources */ = {
			isa = PBXResourcesBuildPhase;
			buildActionMask = 2147483647;
			files = (
				0198929C204D55DD00A8EFCE /* LaunchScreen.storyboard in Resources */,
				01989299204D55DD00A8EFCE /* Assets.xcassets in Resources */,
			);
			runOnlyForDeploymentPostprocessing = 0;
		};
/* End PBXResourcesBuildPhase section */

/* Begin PBXShellScriptBuildPhase section */
		A46BB316DA3F98C97B1D02D3 /* [CP] Check Pods Manifest.lock */ = {
			isa = PBXShellScriptBuildPhase;
			buildActionMask = 2147483647;
			files = (
			);
			inputPaths = (
				"${PODS_PODFILE_DIR_PATH}/Podfile.lock",
				"${PODS_ROOT}/Manifest.lock",
			);
			name = "[CP] Check Pods Manifest.lock";
			outputPaths = (
				"$(DERIVED_FILE_DIR)/Pods-SchoolAssistant-checkManifestLockResult.txt",
			);
			runOnlyForDeploymentPostprocessing = 0;
			shellPath = /bin/sh;
			shellScript = "diff \"${PODS_PODFILE_DIR_PATH}/Podfile.lock\" \"${PODS_ROOT}/Manifest.lock\" > /dev/null\nif [ $? != 0 ] ; then\n    # print error to STDERR\n    echo \"error: The sandbox is not in sync with the Podfile.lock. Run 'pod install' or update your CocoaPods installation.\" >&2\n    exit 1\nfi\n# This output is used by Xcode 'outputs' to avoid re-running this script phase.\necho \"SUCCESS\" > \"${SCRIPT_OUTPUT_FILE_0}\"\n";
			showEnvVarsInLog = 0;
		};
		B12B93415F72C83EAA59DCB0 /* [CP] Embed Pods Frameworks */ = {
			isa = PBXShellScriptBuildPhase;
			buildActionMask = 2147483647;
			files = (
			);
			inputPaths = (
			);
			name = "[CP] Embed Pods Frameworks";
			outputPaths = (
			);
			runOnlyForDeploymentPostprocessing = 0;
			shellPath = /bin/sh;
			shellScript = "\"${SRCROOT}/Pods/Target Support Files/Pods-SchoolAssistant/Pods-SchoolAssistant-frameworks.sh\"\n";
			showEnvVarsInLog = 0;
		};
		F64A1FBA715CB1B444715404 /* [CP] Copy Pods Resources */ = {
			isa = PBXShellScriptBuildPhase;
			buildActionMask = 2147483647;
			files = (
			);
			inputPaths = (
			);
			name = "[CP] Copy Pods Resources";
			outputPaths = (
			);
			runOnlyForDeploymentPostprocessing = 0;
			shellPath = /bin/sh;
			shellScript = "\"${SRCROOT}/Pods/Target Support Files/Pods-SchoolAssistant/Pods-SchoolAssistant-resources.sh\"\n";
			showEnvVarsInLog = 0;
		};
/* End PBXShellScriptBuildPhase section */

/* Begin PBXSourcesBuildPhase section */
		01989288204D55DD00A8EFCE /* Sources */ = {
			isa = PBXSourcesBuildPhase;
			buildActionMask = 2147483647;
			files = (
				015A5F01204D5C210003A1FF /* UIView+frame.m in Sources */,
				015A5F02204D5C210003A1FF /* UITextField+placeholder.m in Sources */,
				015A5EF7204D5BF30003A1FF /* LWTabBar.m in Sources */,
				015A5F11204D5E000003A1FF /* LWMeController.m in Sources */,
				015A5F14204D5E180003A1FF /* LWChatsController.m in Sources */,
				015A5F0B204D5DBC0003A1FF /* LWDiscoverController.m in Sources */,
				019892C7204D57B500A8EFCE /* AppDelegate.m in Sources */,
				019892C6204D57B500A8EFCE /* main.m in Sources */,
				015A5EF4204D5BE00003A1FF /* LWTabBarController.m in Sources */,
				015A5F08204D5D820003A1FF /* LWStudyController.m in Sources */,
				015A5EF3204D5BE00003A1FF /* LWNavigationController.m in Sources */,
				015A5F04204D5C210003A1FF /* UIBarButtonItem+item.m in Sources */,
				015A5F03204D5C210003A1FF /* UIImage+render.m in Sources */,
				015A5F0E204D5DDF0003A1FF /* LWContactsController.m in Sources */,
			);
			runOnlyForDeploymentPostprocessing = 0;
		};
/* End PBXSourcesBuildPhase section */

/* Begin PBXVariantGroup section */
		0198929A204D55DD00A8EFCE /* LaunchScreen.storyboard */ = {
			isa = PBXVariantGroup;
			children = (
				0198929B204D55DD00A8EFCE /* Base */,
			);
			name = LaunchScreen.storyboard;
			sourceTree = "<group>";
		};
/* End PBXVariantGroup section */

/* Begin XCBuildConfiguration section */
		019892A0204D55DD00A8EFCE /* Debug */ = {
			isa = XCBuildConfiguration;
			buildSettings = {
				ALWAYS_SEARCH_USER_PATHS = NO;
				CLANG_ANALYZER_NONNULL = YES;
				CLANG_ANALYZER_NUMBER_OBJECT_CONVERSION = YES_AGGRESSIVE;
				CLANG_CXX_LANGUAGE_STANDARD = "gnu++14";
				CLANG_CXX_LIBRARY = "libc++";
				CLANG_ENABLE_MODULES = YES;
				CLANG_ENABLE_OBJC_ARC = YES;
				CLANG_WARN_BLOCK_CAPTURE_AUTORELEASING = YES;
				CLANG_WARN_BOOL_CONVERSION = YES;
				CLANG_WARN_COMMA = YES;
				CLANG_WARN_CONSTANT_CONVERSION = YES;
				CLANG_WARN_DIRECT_OBJC_ISA_USAGE = YES_ERROR;
				CLANG_WARN_DOCUMENTATION_COMMENTS = YES;
				CLANG_WARN_EMPTY_BODY = YES;
				CLANG_WARN_ENUM_CONVERSION = YES;
				CLANG_WARN_INFINITE_RECURSION = YES;
				CLANG_WARN_INT_CONVERSION = YES;
				CLANG_WARN_NON_LITERAL_NULL_CONVERSION = YES;
				CLANG_WARN_OBJC_LITERAL_CONVERSION = YES;
				CLANG_WARN_OBJC_ROOT_CLASS = YES_ERROR;
				CLANG_WARN_RANGE_LOOP_ANALYSIS = YES;
				CLANG_WARN_STRICT_PROTOTYPES = YES;
				CLANG_WARN_SUSPICIOUS_MOVE = YES;
				CLANG_WARN_UNGUARDED_AVAILABILITY = YES_AGGRESSIVE;
				CLANG_WARN_UNREACHABLE_CODE = YES;
				CLANG_WARN__DUPLICATE_METHOD_MATCH = YES;
				CODE_SIGN_IDENTITY = "iPhone Developer";
				COPY_PHASE_STRIP = NO;
				DEBUG_INFORMATION_FORMAT = dwarf;
				ENABLE_STRICT_OBJC_MSGSEND = YES;
				ENABLE_TESTABILITY = YES;
				GCC_C_LANGUAGE_STANDARD = gnu11;
				GCC_DYNAMIC_NO_PIC = NO;
				GCC_NO_COMMON_BLOCKS = YES;
				GCC_OPTIMIZATION_LEVEL = 0;
				GCC_PREPROCESSOR_DEFINITIONS = (
					"DEBUG=1",
					"$(inherited)",
				);
				GCC_WARN_64_TO_32_BIT_CONVERSION = YES;
				GCC_WARN_ABOUT_RETURN_TYPE = YES_ERROR;
				GCC_WARN_UNDECLARED_SELECTOR = YES;
				GCC_WARN_UNINITIALIZED_AUTOS = YES_AGGRESSIVE;
				GCC_WARN_UNUSED_FUNCTION = YES;
				GCC_WARN_UNUSED_VARIABLE = YES;
				IPHONEOS_DEPLOYMENT_TARGET = 11.2;
				MTL_ENABLE_DEBUG_INFO = YES;
				ONLY_ACTIVE_ARCH = YES;
				SDKROOT = iphoneos;
			};
			name = Debug;
		};
		019892A1204D55DD00A8EFCE /* Release */ = {
			isa = XCBuildConfiguration;
			buildSettings = {
				ALWAYS_SEARCH_USER_PATHS = NO;
				CLANG_ANALYZER_NONNULL = YES;
				CLANG_ANALYZER_NUMBER_OBJECT_CONVERSION = YES_AGGRESSIVE;
				CLANG_CXX_LANGUAGE_STANDARD = "gnu++14";
				CLANG_CXX_LIBRARY = "libc++";
				CLANG_ENABLE_MODULES = YES;
				CLANG_ENABLE_OBJC_ARC = YES;
				CLANG_WARN_BLOCK_CAPTURE_AUTORELEASING = YES;
				CLANG_WARN_BOOL_CONVERSION = YES;
				CLANG_WARN_COMMA = YES;
				CLANG_WARN_CONSTANT_CONVERSION = YES;
				CLANG_WARN_DIRECT_OBJC_ISA_USAGE = YES_ERROR;
				CLANG_WARN_DOCUMENTATION_COMMENTS = YES;
				CLANG_WARN_EMPTY_BODY = YES;
				CLANG_WARN_ENUM_CONVERSION = YES;
				CLANG_WARN_INFINITE_RECURSION = YES;
				CLANG_WARN_INT_CONVERSION = YES;
				CLANG_WARN_NON_LITERAL_NULL_CONVERSION = YES;
				CLANG_WARN_OBJC_LITERAL_CONVERSION = YES;
				CLANG_WARN_OBJC_ROOT_CLASS = YES_ERROR;
				CLANG_WARN_RANGE_LOOP_ANALYSIS = YES;
				CLANG_WARN_STRICT_PROTOTYPES = YES;
				CLANG_WARN_SUSPICIOUS_MOVE = YES;
				CLANG_WARN_UNGUARDED_AVAILABILITY = YES_AGGRESSIVE;
				CLANG_WARN_UNREACHABLE_CODE = YES;
				CLANG_WARN__DUPLICATE_METHOD_MATCH = YES;
				CODE_SIGN_IDENTITY = "iPhone Developer";
				COPY_PHASE_STRIP = NO;
				DEBUG_INFORMATION_FORMAT = "dwarf-with-dsym";
				ENABLE_NS_ASSERTIONS = NO;
				ENABLE_STRICT_OBJC_MSGSEND = YES;
				GCC_C_LANGUAGE_STANDARD = gnu11;
				GCC_NO_COMMON_BLOCKS = YES;
				GCC_WARN_64_TO_32_BIT_CONVERSION = YES;
				GCC_WARN_ABOUT_RETURN_TYPE = YES_ERROR;
				GCC_WARN_UNDECLARED_SELECTOR = YES;
				GCC_WARN_UNINITIALIZED_AUTOS = YES_AGGRESSIVE;
				GCC_WARN_UNUSED_FUNCTION = YES;
				GCC_WARN_UNUSED_VARIABLE = YES;
				IPHONEOS_DEPLOYMENT_TARGET = 11.2;
				MTL_ENABLE_DEBUG_INFO = NO;
				SDKROOT = iphoneos;
				VALIDATE_PRODUCT = YES;
			};
			name = Release;
		};
		019892A3204D55DD00A8EFCE /* Debug */ = {
			isa = XCBuildConfiguration;
			baseConfigurationReference = A48BBA43840CD98FB1B4B690 /* Pods-SchoolAssistant.debug.xcconfig */;
			buildSettings = {
				ASSETCATALOG_COMPILER_APPICON_NAME = AppIcon;
				CODE_SIGN_STYLE = Automatic;
				DEVELOPMENT_TEAM = TT898TTE6L;
				GCC_PRECOMPILE_PREFIX_HEADER = YES;
				GCC_PREFIX_HEADER = SchoolAssistant/Classes/Other/lw.pch;
				INFOPLIST_FILE = SchoolAssistant/Info.plist;
				IPHONEOS_DEPLOYMENT_TARGET = 9.0;
				LD_RUNPATH_SEARCH_PATHS = "$(inherited) @executable_path/Frameworks";
				PRODUCT_BUNDLE_IDENTIFIER = com.liuwei.SchoolAssistant;
				PRODUCT_NAME = "$(TARGET_NAME)";
				TARGETED_DEVICE_FAMILY = 1;
			};
			name = Debug;
		};
		019892A4204D55DD00A8EFCE /* Release */ = {
			isa = XCBuildConfiguration;
			baseConfigurationReference = 4B2DAA6147C1D7A70D86ED5D /* Pods-SchoolAssistant.release.xcconfig */;
			buildSettings = {
				ASSETCATALOG_COMPILER_APPICON_NAME = AppIcon;
				CODE_SIGN_STYLE = Automatic;
				DEVELOPMENT_TEAM = TT898TTE6L;
				GCC_PRECOMPILE_PREFIX_HEADER = YES;
				GCC_PREFIX_HEADER = SchoolAssistant/Classes/Other/lw.pch;
				INFOPLIST_FILE = SchoolAssistant/Info.plist;
				IPHONEOS_DEPLOYMENT_TARGET = 9.0;
				LD_RUNPATH_SEARCH_PATHS = "$(inherited) @executable_path/Frameworks";
				PRODUCT_BUNDLE_IDENTIFIER = com.liuwei.SchoolAssistant;
				PRODUCT_NAME = "$(TARGET_NAME)";
				TARGETED_DEVICE_FAMILY = 1;
			};
			name = Release;
		};
/* End XCBuildConfiguration section */

/* Begin XCConfigurationList section */
		01989287204D55DD00A8EFCE /* Build configuration list for PBXProject "SchoolAssistant" */ = {
			isa = XCConfigurationList;
			buildConfigurations = (
				019892A0204D55DD00A8EFCE /* Debug */,
				019892A1204D55DD00A8EFCE /* Release */,
			);
			defaultConfigurationIsVisible = 0;
			defaultConfigurationName = Release;
		};
		019892A2204D55DD00A8EFCE /* Build configuration list for PBXNativeTarget "SchoolAssistant" */ = {
			isa = XCConfigurationList;
			buildConfigurations = (
				019892A3204D55DD00A8EFCE /* Debug */,
				019892A4204D55DD00A8EFCE /* Release */,
			);
			defaultConfigurationIsVisible = 0;
			defaultConfigurationName = Release;
		};
/* End XCConfigurationList section */
	};
	rootObject = 01989284204D55DD00A8EFCE /* Project object */;
}
